// !$*UTF8*$!
{
	archiveVersion = 1;
	classes = {
	};
	objectVersion = 48;
	objects = {

/* Begin PBXBuildFile section */
		3008A99B1FC8370D0011ADE7 /* AppDelegate.swift in Sources */ = {isa = PBXBuildFile; fileRef = 3008A99A1FC8370D0011ADE7 /* AppDelegate.swift */; };
		3008A99D1FC8370D0011ADE7 /* ViewController.swift in Sources */ = {isa = PBXBuildFile; fileRef = 3008A99C1FC8370D0011ADE7 /* ViewController.swift */; };
		3008A9A01FC8370D0011ADE7 /* Main.storyboard in Resources */ = {isa = PBXBuildFile; fileRef = 3008A99E1FC8370D0011ADE7 /* Main.storyboard */; };
		3008A9A21FC8370D0011ADE7 /* Assets.xcassets in Resources */ = {isa = PBXBuildFile; fileRef = 3008A9A11FC8370D0011ADE7 /* Assets.xcassets */; };
		3008A9A51FC8370D0011ADE7 /* LaunchScreen.storyboard in Resources */ = {isa = PBXBuildFile; fileRef = 3008A9A31FC8370D0011ADE7 /* LaunchScreen.storyboard */; };
		3008A9B11FC83DA10011ADE7 /* WelcomeView.swift in Sources */ = {isa = PBXBuildFile; fileRef = 3008A9AE1FC8379E0011ADE7 /* WelcomeView.swift */; };
/* End PBXBuildFile section */

/* Begin PBXFileReference section */
		3008A9971FC8370D0011ADE7 /* WelcomPage.app */ = {isa = PBXFileReference; explicitFileType = wrapper.application; includeInIndex = 0; path = WelcomPage.app; sourceTree = BUILT_PRODUCTS_DIR; };
		3008A99A1FC8370D0011ADE7 /* AppDelegate.swift */ = {isa = PBXFileReference; lastKnownFileType = sourcecode.swift; path = AppDelegate.swift; sourceTree = "<group>"; };
		3008A99C1FC8370D0011ADE7 /* ViewController.swift */ = {isa = PBXFileReference; lastKnownFileType = sourcecode.swift; path = ViewController.swift; sourceTree = "<group>"; };
		3008A99F1FC8370D0011ADE7 /* Base */ = {isa = PBXFileReference; lastKnownFileType = file.storyboard; name = Base; path = Base.lproj/Main.storyboard; sourceTree = "<group>"; };
		3008A9A11FC8370D0011ADE7 /* Assets.xcassets */ = {isa = PBXFileReference; lastKnownFileType = folder.assetcatalog; path = Assets.xcassets; sourceTree = "<group>"; };
		3008A9A41FC8370D0011ADE7 /* Base */ = {isa = PBXFileReference; lastKnownFileType = file.storyboard; name = Base; path = Base.lproj/LaunchScreen.storyboard; sourceTree = "<group>"; };
		3008A9A61FC8370D0011ADE7 /* Info.plist */ = {isa = PBXFileReference; lastKnownFileType = text.plist.xml; path = Info.plist; sourceTree = "<group>"; };
		3008A9AE1FC8379E0011ADE7 /* WelcomeView.swift */ = {isa = PBXFileReference; lastKnownFileType = sourcecode.swift; path = WelcomeView.swift; sourceTree = "<group>"; };
/* End PBXFileReference section */

/* Begin PBXFrameworksBuildPhase section */
		3008A9941FC8370D0011ADE7 /* Frameworks */ = {
			isa = PBXFrameworksBuildPhase;
			buildActionMask = 2147483647;
			files = (
			);
			runOnlyForDeploymentPostprocessing = 0;
		};
/* End PBXFrameworksBuildPhase section */

/* Begin PBXGroup section */
		3008A98E1FC8370D0011ADE7 = {
			isa = PBXGroup;
			children = (
				3008A9991FC8370D0011ADE7 /* WelcomPage */,
				3008A9981FC8370D0011ADE7 /* Products */,
			);
			sourceTree = "<group>";
		};
		3008A9981FC8370D0011ADE7 /* Products */ = {
			isa = PBXGroup;
			children = (
				3008A9971FC8370D0011ADE7 /* WelcomPage.app */,
			);
			name = Products;
			sourceTree = "<group>";
		};
		3008A9991FC8370D0011ADE7 /* WelcomPage */ = {
			isa = PBXGroup;
			children = (
				3008A9AD1FC8375D0011ADE7 /* WelcomePage */,
				3008A9AC1FC837490011ADE7 /* Demo */,
				3008A99E1FC8370D0011ADE7 /* Main.storyboard */,
				3008A9A11FC8370D0011ADE7 /* Assets.xcassets */,
				3008A9A31FC8370D0011ADE7 /* LaunchScreen.storyboard */,
				3008A9A61FC8370D0011ADE7 /* Info.plist */,
			);
			path = WelcomPage;
			sourceTree = "<group>";
		};
		3008A9AC1FC837490011ADE7 /* Demo */ = {
			isa = PBXGroup;
			children = (
				3008A99A1FC8370D0011ADE7 /* AppDelegate.swift */,
				3008A99C1FC8370D0011ADE7 /* ViewController.swift */,
			);
			path = Demo;
			sourceTree = "<group>";
		};
		3008A9AD1FC8375D0011ADE7 /* WelcomePage */ = {
			isa = PBXGroup;
			children = (
				3008A9AE1FC8379E0011ADE7 /* WelcomeView.swift */,
			);
			path = WelcomePage;
			sourceTree = "<group>";
		};
/* End PBXGroup section */

/* Begin PBXNativeTarget section */
		3008A9961FC8370D0011ADE7 /* WelcomPage */ = {
			isa = PBXNativeTarget;
			buildConfigurationList = 3008A9A91FC8370D0011ADE7 /* Build configuration list for PBXNativeTarget "WelcomPage" */;
			buildPhases = (
				3008A9931FC8370D0011ADE7 /* Sources */,
				3008A9941FC8370D0011ADE7 /* Frameworks */,
				3008A9951FC8370D0011ADE7 /* Resources */,
			);
			buildRules = (
			);
			dependencies = (
			);
			name = WelcomPage;
			productName = WelcomPage;
			productReference = 3008A9971FC8370D0011ADE7 /* WelcomPage.app */;
			productType = "com.apple.product-type.application";
		};
/* End PBXNativeTarget section */

/* Begin PBXProject section */
		3008A98F1FC8370D0011ADE7 /* Project object */ = {
			isa = PBXProject;
			attributes = {
				LastSwiftUpdateCheck = 0900;
				LastUpgradeCheck = 0900;
				ORGANIZATIONNAME = Moon;
				TargetAttributes = {
					3008A9961FC8370D0011ADE7 = {
						CreatedOnToolsVersion = 9.0;
						ProvisioningStyle = Automatic;
					};
				};
			};
			buildConfigurationList = 3008A9921FC8370D0011ADE7 /* Build configuration list for PBXProject "WelcomPage" */;
			compatibilityVersion = "Xcode 8.0";
			developmentRegion = en;
			hasScannedForEncodings = 0;
			knownRegions = (
				en,
				Base,
			);
			mainGroup = 3008A98E1FC8370D0011ADE7;
			productRefGroup = 3008A9981FC8370D0011ADE7 /* Products */;
			projectDirPath = "";
			projectRoot = "";
			targets = (
				3008A9961FC8370D0011ADE7 /* WelcomPage */,
			);
		};
/* End PBXProject section */

/* Begin PBXResourcesBuildPhase section */
		3008A9951FC8370D0011ADE7 /* Resources */ = {
			isa = PBXResourcesBuildPhase;
			buildActionMask = 2147483647;
			files = (
				3008A9A51FC8370D0011ADE7 /* LaunchScreen.storyboard in Resources */,
				3008A9A21FC8370D0011ADE7 /* Assets.xcassets in Resources */,
				3008A9A01FC8370D0011ADE7 /* Main.storyboard in Resources */,
			);
			runOnlyForDeploymentPostprocessing = 0;
		};
/* End PBXResourcesBuildPhase section */

/* Begin PBXSourcesBuildPhase section */
		3008A9931FC8370D0011ADE7 /* Sources */ = {
			isa = PBXSourcesBuildPhase;
			buildActionMask = 2147483647;
			files = (
				3008A99D1FC8370D0011ADE7 /* ViewController.swift in Sources */,
				3008A9B11FC83DA10011ADE7 /* WelcomeView.swift in Sources */,
				3008A99B1FC8370D0011ADE7 /* AppDelegate.swift in Sources */,
			);
			runOnlyForDeploymentPostprocessing = 0;
		};
/* End PBXSourcesBuildPhase section */

/* Begin PBXVariantGroup section */
		3008A99E1FC8370D0011ADE7 /* Main.storyboard */ = {
			isa = PBXVariantGroup;
			children = (
				3008A99F1FC8370D0011ADE7 /* Base */,
			);
			name = Main.storyboard;
			sourceTree = "<group>";
		};
		3008A9A31FC8370D0011ADE7 /* LaunchScreen.storyboard */ = {
			isa = PBXVariantGroup;
			children = (
				3008A9A41FC8370D0011ADE7 /* Base */,
			);
			name = LaunchScreen.storyboard;
			sourceTree = "<group>";
		};
/* End PBXVariantGroup section */

/* Begin XCBuildConfiguration section */
		3008A9A71FC8370D0011ADE7 /* Debug */ = {
			isa = XCBuildConfiguration;
			buildSettings = {
				ALWAYS_SEARCH_USER_PATHS = NO;
				CLANG_ANALYZER_NONNULL = YES;
				CLANG_ANALYZER_NUMBER_OBJECT_CONVERSION = YES_AGGRESSIVE;
				CLANG_CXX_LANGUAGE_STANDARD = "gnu++14";
				CLANG_CXX_LIBRARY = "libc++";
				CLANG_ENABLE_MODULES = YES;
				CLANG_ENABLE_OBJC_ARC = YES;
				CLANG_WARN_BLOCK_CAPTURE_AUTORELEASING = YES;
				CLANG_WARN_BOOL_CONVERSION = YES;
				CLANG_WARN_COMMA = YES;
				CLANG_WARN_CONSTANT_CONVERSION = YES;
				CLANG_WARN_DIRECT_OBJC_ISA_USAGE = YES_ERROR;
				CLANG_WARN_DOCUMENTATION_COMMENTS = YES;
				CLANG_WARN_EMPTY_BODY = YES;
				CLANG_WARN_ENUM_CONVERSION = YES;
				CLANG_WARN_INFINITE_RECURSION = YES;
				CLANG_WARN_INT_CONVERSION = YES;
				CLANG_WARN_NON_LITERAL_NULL_CONVERSION = YES;
				CLANG_WARN_OBJC_LITERAL_CONVERSION = YES;
				CLANG_WARN_OBJC_ROOT_CLASS = YES_ERROR;
				CLANG_WARN_RANGE_LOOP_ANALYSIS = YES;
				CLANG_WARN_STRICT_PROTOTYPES = YES;
				CLANG_WARN_SUSPICIOUS_MOVE = YES;
				CLANG_WARN_UNGUARDED_AVAILABILITY = YES_AGGRESSIVE;
				CLANG_WARN_UNREACHABLE_CODE = YES;
				CLANG_WARN__DUPLICATE_METHOD_MATCH = YES;
				CODE_SIGN_IDENTITY = "iPhone Developer";
				COPY_PHASE_STRIP = NO;
				DEBUG_INFORMATION_FORMAT = dwarf;
				ENABLE_STRICT_OBJC_MSGSEND = YES;
				ENABLE_TESTABILITY = YES;
				GCC_C_LANGUAGE_STANDARD = gnu11;
				GCC_DYNAMIC_NO_PIC = NO;
				GCC_NO_COMMON_BLOCKS = YES;
				GCC_OPTIMIZATION_LEVEL = 0;
				GCC_PREPROCESSOR_DEFINITIONS = (
					"DEBUG=1",
					"$(inherited)",
				);
				GCC_WARN_64_TO_32_BIT_CONVERSION = YES;
				GCC_WARN_ABOUT_RETURN_TYPE = YES_ERROR;
				GCC_WARN_UNDECLARED_SELECTOR = YES;
				GCC_WARN_UNINITIALIZED_AUTOS = YES_AGGRESSIVE;
				GCC_WARN_UNUSED_FUNCTION = YES;
				GCC_WARN_UNUSED_VARIABLE = YES;
				IPHONEOS_DEPLOYMENT_TARGET = 11.0;
				MTL_ENABLE_DEBUG_INFO = YES;
				ONLY_ACTIVE_ARCH = YES;
				SDKROOT = iphoneos;
				SWIFT_ACTIVE_COMPILATION_CONDITIONS = DEBUG;
				SWIFT_OPTIMIZATION_LEVEL = "-Onone";
			};
			name = Debug;
		};
		3008A9A81FC8370D0011ADE7 /* Release */ = {
			isa = XCBuildConfiguration;
			buildSettings = {
				ALWAYS_SEARCH_USER_PATHS = NO;
				CLANG_ANALYZER_NONNULL = YES;
				CLANG_ANALYZER_NUMBER_OBJECT_CONVERSION = YES_AGGRESSIVE;
				CLANG_CXX_LANGUAGE_STANDARD = "gnu++14";
				CLANG_CXX_LIBRARY = "libc++";
				CLANG_ENABLE_MODULES = YES;
				CLANG_ENABLE_OBJC_ARC = YES;
				CLANG_WARN_BLOCK_CAPTURE_AUTORELEASING = YES;
				CLANG_WARN_BOOL_CONVERSION = YES;
				CLANG_WARN_COMMA = YES;
				CLANG_WARN_CONSTANT_CONVERSION = YES;
				CLANG_WARN_DIRECT_OBJC_ISA_USAGE = YES_ERROR;
				CLANG_WARN_DOCUMENTATION_COMMENTS = YES;
				CLANG_WARN_EMPTY_BODY = YES;
				CLANG_WARN_ENUM_CONVERSION = YES;
				CLANG_WARN_INFINITE_RECURSION = YES;
				CLANG_WARN_INT_CONVERSION = YES;
				CLANG_WARN_NON_LITERAL_NULL_CONVERSION = YES;
				CLANG_WARN_OBJC_LITERAL_CONVERSION = YES;
				CLANG_WARN_OBJC_ROOT_CLASS = YES_ERROR;
				CLANG_WARN_RANGE_LOOP_ANALYSIS = YES;
				CLANG_WARN_STRICT_PROTOTYPES = YES;
				CLANG_WARN_SUSPICIOUS_MOVE = YES;
				CLANG_WARN_UNGUARDED_AVAILABILITY = YES_AGGRESSIVE;
				CLANG_WARN_UNREACHABLE_CODE = YES;
				CLANG_WARN__DUPLICATE_METHOD_MATCH = YES;
				CODE_SIGN_IDENTITY = "iPhone Developer";
				COPY_PHASE_STRIP = NO;
				DEBUG_INFORMATION_FORMAT = "dwarf-with-dsym";
				ENABLE_NS_ASSERTIONS = NO;
				ENABLE_STRICT_OBJC_MSGSEND = YES;
				GCC_C_LANGUAGE_STANDARD = gnu11;
				GCC_NO_COMMON_BLOCKS = YES;
				GCC_WARN_64_TO_32_BIT_CONVERSION = YES;
				GCC_WARN_ABOUT_RETURN_TYPE = YES_ERROR;
				GCC_WARN_UNDECLARED_SELECTOR = YES;
				GCC_WARN_UNINITIALIZED_AUTOS = YES_AGGRESSIVE;
				GCC_WARN_UNUSED_FUNCTION = YES;
				GCC_WARN_UNUSED_VARIABLE = YES;
				IPHONEOS_DEPLOYMENT_TARGET = 11.0;
				MTL_ENABLE_DEBUG_INFO = NO;
				SDKROOT = iphoneos;
				SWIFT_OPTIMIZATION_LEVEL = "-Owholemodule";
				VALIDATE_PRODUCT = YES;
			};
			name = Release;
		};
		3008A9AA1FC8370D0011ADE7 /* Debug */ = {
			isa = XCBuildConfiguration;
			buildSettings = {
				ASSETCATALOG_COMPILER_APPICON_NAME = AppIcon;
				CODE_SIGN_STYLE = Automatic;
				DEVELOPMENT_TEAM = 2DRZ3436T3;
				INFOPLIST_FILE = WelcomPage/Info.plist;
				IPHONEOS_DEPLOYMENT_TARGET = 9.0;
				LD_RUNPATH_SEARCH_PATHS = "$(inherited) @executable_path/Frameworks";
				PRODUCT_BUNDLE_IDENTIFIER = moonCai.WelcomPage;
				PRODUCT_NAME = "$(TARGET_NAME)";
				SWIFT_VERSION = 4.0;
				TARGETED_DEVICE_FAMILY = "1,2";
			};
			name = Debug;
		};
		3008A9AB1FC8370D0011ADE7 /* Release */ = {
			isa = XCBuildConfiguration;
			buildSettings = {
				ASSETCATALOG_COMPILER_APPICON_NAME = AppIcon;
				CODE_SIGN_STYLE = Automatic;
				DEVELOPMENT_TEAM = 2DRZ3436T3;
				INFOPLIST_FILE = WelcomPage/Info.plist;
				IPHONEOS_DEPLOYMENT_TARGET = 9.0;
				LD_RUNPATH_SEARCH_PATHS = "$(inherited) @executable_path/Frameworks";
				PRODUCT_BUNDLE_IDENTIFIER = moonCai.WelcomPage;
				PRODUCT_NAME = "$(TARGET_NAME)";
				SWIFT_VERSION = 4.0;
				TARGETED_DEVICE_FAMILY = "1,2";
			};
			name = Release;
		};
/* End XCBuildConfiguration section */

/* Begin XCConfigurationList section */
		3008A9921FC8370D0011ADE7 /* Build configuration list for PBXProject "WelcomPage" */ = {
			isa = XCConfigurationList;
			buildConfigurations = (
				3008A9A71FC8370D0011ADE7 /* Debug */,
				3008A9A81FC8370D0011ADE7 /* Release */,
			);
			defaultConfigurationIsVisible = 0;
			defaultConfigurationName = Release;
		};
		3008A9A91FC8370D0011ADE7 /* Build configuration list for PBXNativeTarget "WelcomPage" */ = {
			isa = XCConfigurationList;
			buildConfigurations = (
				3008A9AA1FC8370D0011ADE7 /* Debug */,
				3008A9AB1FC8370D0011ADE7 /* Release */,
			);
			defaultConfigurationIsVisible = 0;
			defaultConfigurationName = Release;
		};
/* End XCConfigurationList section */
	};
	rootObject = 3008A98F1FC8370D0011ADE7 /* Project object */;
}
